
Microsoft Visual Studio Solution File, Format Version 12.00
# Visual Studio 15
VisualStudioVersion = 15.0.28307.106
MinimumVisualStudioVersion = 10.0.40219.1
Project("{9A19103F-16F7-4668-BE54-9A1E7A4F7556}") = "WebAPIAngluar", "WebApplication1\WebAPIAngluar.csproj", "{D1145778-D777-46F7-B759-989A4BBC7073}"
EndProject
Global
	GlobalSection(SolutionConfigurationPlatforms) = preSolution
		Debug|Any CPU = Debug|Any CPU
		Release|Any CPU = Release|Any CPU
	EndGlobalSection
	GlobalSection(ProjectConfigurationPlatforms) = postSolution
		{D1145778-D777-46F7-B759-989A4BBC7073}.Debug|Any CPU.ActiveCfg = Debug|Any CPU
		{D1145778-D777-46F7-B759-989A4BBC7073}.Debug|Any CPU.Build.0 = Debug|Any CPU
		{D1145778-D777-46F7-B759-989A4BBC7073}.Release|Any CPU.ActiveCfg = Release|Any CPU
		{D1145778-D777-46F7-B759-989A4BBC7073}.Release|Any CPU.Build.0 = Release|Any CPU
	EndGlobalSection
	GlobalSection(SolutionProperties) = preSolution
		HideSolutionNode = FALSE
	EndGlobalSection
	GlobalSection(ExtensibilityGlobals) = postSolution
		SolutionGuid = {0C70D138-8C0C-4E77-9511-E89D2B59E099}
	EndGlobalSection
EndGlobal
